
Microsoft Visual Studio Solution File, Format Version 12.00
# Visual Studio 15
VisualStudioVersion = 15.0.28010.2036
MinimumVisualStudioVersion = 10.0.40219.1
Project("{8BC9CEB8-8B4A-11D0-8D11-00A0C91BC942}") = "Launcher.UI", "Launcher\Launcher.vcxproj", "{146D4E63-FD88-40A1-92AD-435BDC279C8C}"
	ProjectSection(ProjectDependencies) = postProject
		{FD2D3608-E77C-46C1-92CC-01A7E9AB2B18} = {FD2D3608-E77C-46C1-92CC-01A7E9AB2B18}
		{970D0320-A7D7-4CC6-99A0-7A43CE24FF3E} = {970D0320-A7D7-4CC6-99A0-7A43CE24FF3E}
	EndProjectSection
EndProject
Project("{2150E333-8FDC-42A3-9474-1A3956D46DE8}") = "Solution Items", "Solution Items", "{9C4F26DF-8DE3-4800-9788-C688F6F15708}"
EndProject
Project("{8BC9CEB8-8B4A-11D0-8D11-00A0C91BC942}") = "Features", "Features\Features.vcxproj", "{970D0320-A7D7-4CC6-99A0-7A43CE24FF3E}"
EndProject
Project("{8BC9CEB8-8B4A-11D0-8D11-00A0C91BC942}") = "FeaturesTest", "FeaturesTest\FeaturesTest.vcxproj", "{44E05BFD-69EC-4EC8-869A-C0CF79299582}"
	ProjectSection(ProjectDependencies) = postProject
		{970D0320-A7D7-4CC6-99A0-7A43CE24FF3E} = {970D0320-A7D7-4CC6-99A0-7A43CE24FF3E}
	EndProjectSection
EndProject
Project("{8BC9CEB8-8B4A-11D0-8D11-00A0C91BC942}") = "Launcher.Host", "Host\Host.vcxproj", "{FD2D3608-E77C-46C1-92CC-01A7E9AB2B18}"
	ProjectSection(ProjectDependencies) = postProject
		{970D0320-A7D7-4CC6-99A0-7A43CE24FF3E} = {970D0320-A7D7-4CC6-99A0-7A43CE24FF3E}
	EndProjectSection
EndProject
Project("{8BC9CEB8-8B4A-11D0-8D11-00A0C91BC942}") = "Uninstaller", "Uninstaller\Uninstaller.vcxproj", "{E3A241C6-E59E-4BF9-A5CA-6EE18FCBB3D9}"
	ProjectSection(ProjectDependencies) = postProject
		{970D0320-A7D7-4CC6-99A0-7A43CE24FF3E} = {970D0320-A7D7-4CC6-99A0-7A43CE24FF3E}
	EndProjectSection
EndProject
Global
	GlobalSection(SolutionConfigurationPlatforms) = preSolution
		Debug|Win32 = Debug|Win32
		Release|Win32 = Release|Win32
	EndGlobalSection
	GlobalSection(ProjectConfigurationPlatforms) = postSolution
		{146D4E63-FD88-40A1-92AD-435BDC279C8C}.Debug|Win32.ActiveCfg = Debug|Win32
		{146D4E63-FD88-40A1-92AD-435BDC279C8C}.Debug|Win32.Build.0 = Debug|Win32
		{146D4E63-FD88-40A1-92AD-435BDC279C8C}.Release|Win32.ActiveCfg = Release|Win32
		{146D4E63-FD88-40A1-92AD-435BDC279C8C}.Release|Win32.Build.0 = Release|Win32
		{970D0320-A7D7-4CC6-99A0-7A43CE24FF3E}.Debug|Win32.ActiveCfg = Debug|Win32
		{970D0320-A7D7-4CC6-99A0-7A43CE24FF3E}.Debug|Win32.Build.0 = Debug|Win32
		{970D0320-A7D7-4CC6-99A0-7A43CE24FF3E}.Release|Win32.ActiveCfg = Release|Win32
		{970D0320-A7D7-4CC6-99A0-7A43CE24FF3E}.Release|Win32.Build.0 = Release|Win32
		{44E05BFD-69EC-4EC8-869A-C0CF79299582}.Debug|Win32.ActiveCfg = Debug|Win32
		{44E05BFD-69EC-4EC8-869A-C0CF79299582}.Debug|Win32.Build.0 = Debug|Win32
		{44E05BFD-69EC-4EC8-869A-C0CF79299582}.Release|Win32.ActiveCfg = Release|Win32
		{44E05BFD-69EC-4EC8-869A-C0CF79299582}.Release|Win32.Build.0 = Release|Win32
		{FD2D3608-E77C-46C1-92CC-01A7E9AB2B18}.Debug|Win32.ActiveCfg = Debug|Win32
		{FD2D3608-E77C-46C1-92CC-01A7E9AB2B18}.Debug|Win32.Build.0 = Debug|Win32
		{FD2D3608-E77C-46C1-92CC-01A7E9AB2B18}.Release|Win32.ActiveCfg = Release|Win32
		{FD2D3608-E77C-46C1-92CC-01A7E9AB2B18}.Release|Win32.Build.0 = Release|Win32
		{E3A241C6-E59E-4BF9-A5CA-6EE18FCBB3D9}.Debug|Win32.ActiveCfg = Debug|Win32
		{E3A241C6-E59E-4BF9-A5CA-6EE18FCBB3D9}.Debug|Win32.Build.0 = Debug|Win32
		{E3A241C6-E59E-4BF9-A5CA-6EE18FCBB3D9}.Release|Win32.ActiveCfg = Release|Win32
		{E3A241C6-E59E-4BF9-A5CA-6EE18FCBB3D9}.Release|Win32.Build.0 = Release|Win32
	EndGlobalSection
	GlobalSection(SolutionProperties) = preSolution
		HideSolutionNode = FALSE
	EndGlobalSection
	GlobalSection(ExtensibilityGlobals) = postSolution
		SolutionGuid = {7A699E0C-CDA9-4000-8FF1-DB7DE68F645A}
		Qt5Version = conan-333e69ac00eb936364053dce8d4cab2a1a5a9a11
		QtVersion = $(DefaultQtVersion)
	EndGlobalSection
EndGlobal
