<?xml version="1.0" encoding="utf-8"?>
<Project ToolsVersion="15.0" xmlns="http://schemas.microsoft.com/developer/msbuild/2003">
  <ItemGroup>
    <Filter Include="Header Files">
      <UniqueIdentifier>{93995380-89BD-4b04-88EB-625FBE52EBFB}</UniqueIdentifier>
      <Extensions>h;hh;hpp;hxx;hm;inl;inc;xsd</Extensions>
      <ParseFiles>true</ParseFiles>
    </Filter>
    <Filter Include="Source Files">
      <UniqueIdentifier>{4FC737F1-C7A5-4376-A066-2A32D752A2FF}</UniqueIdentifier>
      <Extensions>cpp;c;cc;cxx;def;odl;idl;hpj;bat;asm;asmx</Extensions>
      <ParseFiles>true</ParseFiles>
    </Filter>
    <Filter Include="Generated Files">
      <UniqueIdentifier>{71ED8ED8-ACB9-4CE9-BBE1-E00B30144E11}</UniqueIdentifier>
      <Extensions>moc;h;cpp</Extensions>
      <ParseFiles>true</ParseFiles>
    </Filter>
    <Filter Include="Translation Files">
      <UniqueIdentifier>{639EADAA-A684-42e4-A9AD-28FC9BCB8F7C}</UniqueIdentifier>
      <Extensions>ts</Extensions>
      <ParseFiles>false</ParseFiles>
    </Filter>
  </ItemGroup>
  <ItemGroup>
    <None Include="i18n\Features_ru.ts">
      <Filter>Translation Files</Filter>
    </None>
    <None Include="i18n\Features_en.ts">
      <Filter>Translation Files</Filter>
    </None>
  </ItemGroup>
  <ItemGroup>
    <ClCompile Include="src\Features\GameDownloader\DownloadStats.cpp">
      <Filter>Source Files</Filter>
    </ClCompile>
    <ClCompile Include="src\Features\GameDownloader\ExternalIpAddress.cpp">
      <Filter>Source Files</Filter>
    </ClCompile>
    <ClCompile Include="src\Features\GameDownloader\GameDownloadStatistics.cpp">
      <Filter>Source Files</Filter>
    </ClCompile>
    <ClCompile Include="src\Features\GameExecutor\Hook\CheckAsciiPath.cpp">
      <Filter>Source Files</Filter>
    </ClCompile>
    <ClCompile Include="src\Features\Marketing\SystemInfo\Hardware\CpuInfo.cpp">
      <Filter>Source Files</Filter>
    </ClCompile>
    <ClCompile Include="src\Features\Marketing\SystemInfo\Hardware\Hdd.cpp">
      <Filter>Source Files</Filter>
    </ClCompile>
    <ClCompile Include="src\Features\Marketing\SystemInfo\Hardware\OsInfo.cpp">
      <Filter>Source Files</Filter>
    </ClCompile>
    <ClCompile Include="src\Features\Marketing\SystemInfo\Hardware\Ram.cpp">
      <Filter>Source Files</Filter>
    </ClCompile>
    <ClCompile Include="src\Features\Marketing\SystemInfo\Hardware\Screen.cpp">
      <Filter>Source Files</Filter>
    </ClCompile>
    <ClCompile Include="src\Features\Marketing\SystemInfo\Hardware\Video.cpp">
      <Filter>Source Files</Filter>
    </ClCompile>
    <ClCompile Include="src\Features\Marketing\SystemInfo\SoftVendor\Antivirus.cpp">
      <Filter>Source Files</Filter>
    </ClCompile>
    <ClCompile Include="src\Features\Marketing\SystemInfo\SoftVendor\FourGame.cpp">
      <Filter>Source Files</Filter>
    </ClCompile>
    <ClCompile Include="src\Features\Marketing\SystemInfo\SoftVendor\GameVendorBase.cpp">
      <Filter>Source Files</Filter>
    </ClCompile>
    <ClCompile Include="src\Features\Marketing\SystemInfo\SoftVendor\MailRu.cpp">
      <Filter>Source Files</Filter>
    </ClCompile>
    <ClCompile Include="src\Features\Marketing\SystemInfo\SoftVendor\Nikita.cpp">
      <Filter>Source Files</Filter>
    </ClCompile>
    <ClCompile Include="src\Features\Marketing\SystemInfo\SoftVendor\Origin.cpp">
      <Filter>Source Files</Filter>
    </ClCompile>
    <ClCompile Include="src\Features\Marketing\SystemInfo\SoftVendor\RegistryHelper.cpp">
      <Filter>Source Files</Filter>
    </ClCompile>
    <ClCompile Include="src\Features\Marketing\SystemInfo\SoftVendor\Steam.cpp">
      <Filter>Source Files</Filter>
    </ClCompile>
    <ClCompile Include="src\Features\Marketing\SystemInfo\SoftVendor\Ubisoft.cpp">
      <Filter>Source Files</Filter>
    </ClCompile>
    <ClCompile Include="src\Features\Marketing\SystemInfo\SoftVendor\VendorBase.cpp">
      <Filter>Source Files</Filter>
    </ClCompile>
    <ClCompile Include="src\Features\Marketing\SystemInfo\SoftVendor\ZZima.cpp">
      <Filter>Source Files</Filter>
    </ClCompile>
    <ClCompile Include="src\Features\Marketing\SystemInfo\SystemInfoManager.cpp">
      <Filter>Source Files</Filter>
    </ClCompile>
    <ClCompile Include="src\Features\Marketing\MarketingIntegrationMarker.cpp">
      <Filter>Source Files</Filter>
    </ClCompile>
    <ClCompile Include="src\Features\RestApi\ServiceHasAccess.cpp">
      <Filter>Source Files</Filter>
    </ClCompile>
    <ClCompile Include="src\Features\WorkStationLock\RegisterSessionNotificationFilter.cpp">
      <Filter>Source Files</Filter>
    </ClCompile>
    <ClCompile Include="src\Features\WorkStationLock\WorkStationLockHook.cpp">
      <Filter>Source Files</Filter>
    </ClCompile>
    <ClCompile Include="src\Features\ComInitialize.cpp">
      <Filter>Source Files</Filter>
    </ClCompile>
    <ClCompile Include="src\Features\LanguageChangeEventFilter.cpp">
      <Filter>Source Files</Filter>
    </ClCompile>
    <ClCompile Include="src\Features\PlainFileCache.cpp">
      <Filter>Source Files</Filter>
    </ClCompile>
    <ClCompile Include="src\Features\PremiumExecutor.cpp">
      <Filter>Source Files</Filter>
    </ClCompile>
    <ClCompile Include="src\Features\ProtocolOneDownloader.cpp">
      <Filter>Source Files</Filter>
    </ClCompile>
    <ClCompile Include="src\Features\RemouteStartGame.cpp">
      <Filter>Source Files</Filter>
    </ClCompile>
    <ClCompile Include="src\Features\RenderRateHack.cpp">
      <Filter>Source Files</Filter>
    </ClCompile>
    <ClCompile Include="src\Features\StopDownloadServiceWhileExecuteAnyGame.cpp">
      <Filter>Source Files</Filter>
    </ClCompile>
    <ClCompile Include="src\Features\TaskBarEventFilter.cpp">
      <Filter>Source Files</Filter>
    </ClCompile>
    <ClCompile Include="src\Features\TaskBarProgressHelper.cpp">
      <Filter>Source Files</Filter>
    </ClCompile>
    <ClCompile Include="src\Features\WmiQuery.cpp">
      <Filter>Source Files</Filter>
    </ClCompile>
    <ClCompile Include="src\Helper\FileUtils.cpp">
      <Filter>Source Files</Filter>
    </ClCompile>
    <ClCompile Include="src\Helper\TerminateProcess.cpp">
      <Filter>Source Files</Filter>
    </ClCompile>
    <ClCompile Include="src\Host\Bridge\ApplicationBridge.cpp">
      <Filter>Source Files</Filter>
    </ClCompile>
    <ClCompile Include="src\Host\Bridge\ApplicationStatisticBridge.cpp">
      <Filter>Source Files</Filter>
    </ClCompile>
    <ClCompile Include="src\Host\Bridge\ConnectionBridge.cpp">
      <Filter>Source Files</Filter>
    </ClCompile>
    <ClCompile Include="src\Host\Bridge\Credential.cpp">
      <Filter>Source Files</Filter>
    </ClCompile>
    <ClCompile Include="src\Host\Bridge\DownloaderBridge.cpp">
      <Filter>Source Files</Filter>
    </ClCompile>
    <ClCompile Include="src\Host\Bridge\DownloaderSettingsBridge.cpp">
      <Filter>Source Files</Filter>
    </ClCompile>
    <ClCompile Include="src\Host\Bridge\ExecutorBridge.cpp">
      <Filter>Source Files</Filter>
    </ClCompile>
    <ClCompile Include="src\Host\Bridge\LicenseManagerBridge.cpp">
      <Filter>Source Files</Filter>
    </ClCompile>
    <ClCompile Include="src\Host\Bridge\MessageAdapterBridge.cpp">
      <Filter>Source Files</Filter>
    </ClCompile>
    <ClCompile Include="src\Host\Bridge\ServiceHandleBridge.cpp">
      <Filter>Source Files</Filter>
    </ClCompile>
    <ClCompile Include="src\Host\Bridge\ServiceSettingsBridge.cpp">
      <Filter>Source Files</Filter>
    </ClCompile>
    <ClCompile Include="src\Host\Bridge\SettingsBridge.cpp">
      <Filter>Source Files</Filter>
    </ClCompile>
    <ClCompile Include="src\Host\Bridge\UpdateManagerBridge.cpp">
      <Filter>Source Files</Filter>
    </ClCompile>
    <ClCompile Include="src\Host\Dbus\ApplicationBridgeAdaptor.cpp">
      <Filter>Source Files</Filter>
    </ClCompile>
    <ClCompile Include="src\Host\Dbus\ApplicationBridgeProxy.cpp">
      <Filter>Source Files</Filter>
    </ClCompile>
    <ClCompile Include="src\Host\Dbus\ApplicationStatisticBridgeAdaptor.cpp">
      <Filter>Source Files</Filter>
    </ClCompile>
    <ClCompile Include="src\Host\Dbus\ApplicationStatisticBridgeProxy.cpp">
      <Filter>Source Files</Filter>
    </ClCompile>
    <ClCompile Include="src\Host\Dbus\ConnectionBridgeAdaptor.cpp">
      <Filter>Source Files</Filter>
    </ClCompile>
    <ClCompile Include="src\Host\Dbus\ConnectionBridgeProxy.cpp">
      <Filter>Source Files</Filter>
    </ClCompile>
    <ClCompile Include="src\Host\Dbus\DBusConnection.cpp">
      <Filter>Source Files</Filter>
    </ClCompile>
    <ClCompile Include="src\Host\Dbus\DBusServer.cpp">
      <Filter>Source Files</Filter>
    </ClCompile>
    <ClCompile Include="src\Host\Dbus\DownloaderBridgeAdaptor.cpp">
      <Filter>Source Files</Filter>
    </ClCompile>
    <ClCompile Include="src\Host\Dbus\DownloaderBridgeProxy.cpp">
      <Filter>Source Files</Filter>
    </ClCompile>
    <ClCompile Include="src\Host\Dbus\DownloaderSettingsBridgeAdaptor.cpp">
      <Filter>Source Files</Filter>
    </ClCompile>
    <ClCompile Include="src\Host\Dbus\DownloaderSettingsBridgeProxy.cpp">
      <Filter>Source Files</Filter>
    </ClCompile>
    <ClCompile Include="src\Host\Dbus\ExecutorBridgeAdaptor.cpp">
      <Filter>Source Files</Filter>
    </ClCompile>
    <ClCompile Include="src\Host\Dbus\ExecutorBridgeProxy.cpp">
      <Filter>Source Files</Filter>
    </ClCompile>
    <ClCompile Include="src\Host\Dbus\LicenseManagerBridgeAdaptor.cpp">
      <Filter>Source Files</Filter>
    </ClCompile>
    <ClCompile Include="src\Host\Dbus\LicenseManagerBridgeProxy.cpp">
      <Filter>Source Files</Filter>
    </ClCompile>
    <ClCompile Include="src\Host\Dbus\MessageAdapterBridgeAdaptor.cpp">
      <Filter>Source Files</Filter>
    </ClCompile>
    <ClCompile Include="src\Host\Dbus\MessageAdapterBridgeProxy.cpp">
      <Filter>Source Files</Filter>
    </ClCompile>
    <ClCompile Include="src\Host\Dbus\ServiceHandleBridgeAdaptor.cpp">
      <Filter>Source Files</Filter>
    </ClCompile>
    <ClCompile Include="src\Host\Dbus\ServiceHandleBridgeProxy.cpp">
      <Filter>Source Files</Filter>
    </ClCompile>
    <ClCompile Include="src\Host\Dbus\ServiceSettingsBridgeAdaptor.cpp">
      <Filter>Source Files</Filter>
    </ClCompile>
    <ClCompile Include="src\Host\Dbus\ServiceSettingsBridgeProxy.cpp">
      <Filter>Source Files</Filter>
    </ClCompile>
    <ClCompile Include="src\Host\Dbus\SettingsBridgeAdaptor.cpp">
      <Filter>Source Files</Filter>
    </ClCompile>
    <ClCompile Include="src\Host\Dbus\SettingsBridgeProxy.cpp">
      <Filter>Source Files</Filter>
    </ClCompile>
    <ClCompile Include="src\Host\Dbus\UpdateManagerBridgeAdaptor.cpp">
      <Filter>Source Files</Filter>
    </ClCompile>
    <ClCompile Include="src\Host\Dbus\UpdateManagerBridgeProxy.cpp">
      <Filter>Source Files</Filter>
    </ClCompile>
    <ClCompile Include="src\Host\GameDownloader\Hook\CheckDownload.cpp">
      <Filter>Source Files</Filter>
    </ClCompile>
    <ClCompile Include="src\Host\GameDownloader\Hook\SaveInstallPath.cpp">
      <Filter>Source Files</Filter>
    </ClCompile>
    <ClCompile Include="src\Host\GameDownloader\Hook\UpdateUninstallInfo.cpp">
      <Filter>Source Files</Filter>
    </ClCompile>
    <ClCompile Include="src\Host\GameDownloader\DownloaderSettingsRoulette.cpp">
      <Filter>Source Files</Filter>
    </ClCompile>
    <ClCompile Include="src\Host\Installer\UninstallInfo.cpp">
      <Filter>Source Files</Filter>
    </ClCompile>
    <ClCompile Include="src\Host\Installer\UninstallResult.cpp">
      <Filter>Source Files</Filter>
    </ClCompile>
    <ClCompile Include="src\Host\Proxy\DownloaderProxy.cpp">
      <Filter>Source Files</Filter>
    </ClCompile>
    <ClCompile Include="src\Host\Proxy\GameExecutorProxy.cpp">
      <Filter>Source Files</Filter>
    </ClCompile>
    <ClCompile Include="src\Host\Proxy\ServiceHandleProxy.cpp">
      <Filter>Source Files</Filter>
    </ClCompile>
    <ClCompile Include="src\Host\ServiceProcess\DownloadServiceIcon.cpp">
      <Filter>Source Files</Filter>
    </ClCompile>
    <ClCompile Include="src\Host\ServiceProcess\ServiceDescription.cpp">
      <Filter>Source Files</Filter>
    </ClCompile>
    <ClCompile Include="src\Host\ServiceProcess\ServiceLoader.cpp">
      <Filter>Source Files</Filter>
    </ClCompile>
    <ClCompile Include="src\Host\ServiceProcess\ServicesListRequest.cpp">
      <Filter>Source Files</Filter>
    </ClCompile>
    <ClCompile Include="src\Host\Application.cpp">
      <Filter>Source Files</Filter>
    </ClCompile>
    <ClCompile Include="src\Host\ApplicationRestarter.cpp">
      <Filter>Source Files</Filter>
    </ClCompile>
    <ClCompile Include="src\Host\ApplicationStatistic.cpp">
      <Filter>Source Files</Filter>
    </ClCompile>
    <ClCompile Include="src\Host\AutoRunManager.cpp">
      <Filter>Source Files</Filter>
    </ClCompile>
    <ClCompile Include="src\Host\ClientConnection.cpp">
      <Filter>Source Files</Filter>
    </ClCompile>
    <ClCompile Include="src\Host\CommandLineManager.cpp">
      <Filter>Source Files</Filter>
    </ClCompile>
    <ClCompile Include="src\Host\Connection.cpp">
      <Filter>Source Files</Filter>
    </ClCompile>
    <ClCompile Include="src\Host\ConnectionManager.cpp">
      <Filter>Source Files</Filter>
    </ClCompile>
    <ClCompile Include="src\Host\CredentialConverter.cpp">
      <Filter>Source Files</Filter>
    </ClCompile>
    <ClCompile Include="src\Host\DownloaderSettings.cpp">
      <Filter>Source Files</Filter>
    </ClCompile>
    <ClCompile Include="src\Host\ElectronExecutor.cpp">
      <Filter>Source Files</Filter>
    </ClCompile>
    <ClCompile Include="src\Host\ElectronExecutor_p.cpp">
      <Filter>Source Files</Filter>
    </ClCompile>
    <ClCompile Include="src\Host\ElectronsExecutor.cpp">
      <Filter>Source Files</Filter>
    </ClCompile>
    <ClCompile Include="src\Host\ExecutorHookFactory.cpp">
      <Filter>Source Files</Filter>
    </ClCompile>
    <ClCompile Include="src\Host\GameExecutor.cpp">
      <Filter>Source Files</Filter>
    </ClCompile>
    <ClCompile Include="src\Host\HookFactory.cpp">
      <Filter>Source Files</Filter>
    </ClCompile>
    <ClCompile Include="src\Host\LicenseManager.cpp">
      <Filter>Source Files</Filter>
    </ClCompile>
    <ClCompile Include="src\Host\MarketingStatistic.cpp">
      <Filter>Source Files</Filter>
    </ClCompile>
    <ClCompile Include="src\Host\MessageAdapter.cpp">
      <Filter>Source Files</Filter>
    </ClCompile>
    <ClCompile Include="src\Host\ServiceHandle.cpp">
      <Filter>Source Files</Filter>
    </ClCompile>
    <ClCompile Include="src\Host\ServiceSettings.cpp">
      <Filter>Source Files</Filter>
    </ClCompile>
    <ClCompile Include="src\Host\SettingsManager.cpp">
      <Filter>Source Files</Filter>
    </ClCompile>
    <ClCompile Include="src\Host\ShutdownManager.cpp">
      <Filter>Source Files</Filter>
    </ClCompile>
    <ClCompile Include="src\Host\StopDownloadOnExecuteInit.cpp">
      <Filter>Source Files</Filter>
    </ClCompile>
    <ClCompile Include="src\Host\Translation.cpp">
      <Filter>Source Files</Filter>
    </ClCompile>
    <ClCompile Include="src\Host\UIProcess.cpp">
      <Filter>Source Files</Filter>
    </ClCompile>
    <ClCompile Include="src\Host\Updater.cpp">
      <Filter>Source Files</Filter>
    </ClCompile>
  </ItemGroup>
  <ItemGroup>
    <QtMoc Include="include\Features\GameDownloader\DownloadStats.h">
      <Filter>Header Files</Filter>
    </QtMoc>
    <QtMoc Include="include\Features\GameDownloader\ExternalIpAddress.h">
      <Filter>Header Files</Filter>
    </QtMoc>
    <QtMoc Include="include\Features\GameDownloader\GameDownloadStatistics.h">
      <Filter>Header Files</Filter>
    </QtMoc>
    <QtMoc Include="include\Features\GameExecutor\Hook\CheckAsciiPath.h">
      <Filter>Header Files</Filter>
    </QtMoc>
    <QtMoc Include="include\Features\Marketing\SystemInfo\Hardware\CpuInfo.h">
      <Filter>Header Files</Filter>
    </QtMoc>
    <QtMoc Include="include\Features\Marketing\SystemInfo\Hardware\Hdd.h">
      <Filter>Header Files</Filter>
    </QtMoc>
    <QtMoc Include="include\Features\Marketing\SystemInfo\Hardware\OsInfo.h">
      <Filter>Header Files</Filter>
    </QtMoc>
    <QtMoc Include="include\Features\Marketing\SystemInfo\Hardware\Ram.h">
      <Filter>Header Files</Filter>
    </QtMoc>
    <QtMoc Include="include\Features\Marketing\SystemInfo\Hardware\Screen.h">
      <Filter>Header Files</Filter>
    </QtMoc>
    <QtMoc Include="include\Features\Marketing\SystemInfo\Hardware\Video.h">
      <Filter>Header Files</Filter>
    </QtMoc>
    <QtMoc Include="include\Features\Marketing\SystemInfo\SoftVendor\Antivirus.h">
      <Filter>Header Files</Filter>
    </QtMoc>
    <QtMoc Include="include\Features\Marketing\SystemInfo\SoftVendor\FourGame.h">
      <Filter>Header Files</Filter>
    </QtMoc>
    <QtMoc Include="include\Features\Marketing\SystemInfo\SoftVendor\GameVendorBase.h">
      <Filter>Header Files</Filter>
    </QtMoc>
    <QtMoc Include="include\Features\Marketing\SystemInfo\SoftVendor\MailRu.h">
      <Filter>Header Files</Filter>
    </QtMoc>
    <QtMoc Include="include\Features\Marketing\SystemInfo\SoftVendor\Nikita.h">
      <Filter>Header Files</Filter>
    </QtMoc>
    <QtMoc Include="include\Features\Marketing\SystemInfo\SoftVendor\Origin.h">
      <Filter>Header Files</Filter>
    </QtMoc>
    <QtMoc Include="include\Features\Marketing\SystemInfo\SoftVendor\Steam.h">
      <Filter>Header Files</Filter>
    </QtMoc>
    <QtMoc Include="include\Features\Marketing\SystemInfo\SoftVendor\Ubisoft.h">
      <Filter>Header Files</Filter>
    </QtMoc>
    <QtMoc Include="include\Features\Marketing\SystemInfo\SoftVendor\VendorBase.h">
      <Filter>Header Files</Filter>
    </QtMoc>
    <QtMoc Include="include\Features\Marketing\SystemInfo\SoftVendor\ZZima.h">
      <Filter>Header Files</Filter>
    </QtMoc>
    <QtMoc Include="include\Features\Marketing\SystemInfo\SystemInfoManager.h">
      <Filter>Header Files</Filter>
    </QtMoc>
    <QtMoc Include="include\Features\RestApi\ServiceHasAccess.h">
      <Filter>Header Files</Filter>
    </QtMoc>
    <QtMoc Include="include\Features\WorkStationLock\RegisterSessionNotificationFilter.h">
      <Filter>Header Files</Filter>
    </QtMoc>
    <QtMoc Include="include\Features\WorkStationLock\WorkStationLockHook.h">
      <Filter>Header Files</Filter>
    </QtMoc>
    <QtMoc Include="include\Features\LanguageChangeEventFilter.h">
      <Filter>Header Files</Filter>
    </QtMoc>
    <QtMoc Include="include\Features\PremiumExecutor.h">
      <Filter>Header Files</Filter>
    </QtMoc>
    <QtMoc Include="include\Features\ProtocolOneDownloader.h">
      <Filter>Header Files</Filter>
    </QtMoc>
    <QtMoc Include="include\Features\RemouteStartGame.h">
      <Filter>Header Files</Filter>
    </QtMoc>
    <QtMoc Include="include\Features\RenderRateHack.h">
      <Filter>Header Files</Filter>
    </QtMoc>
    <QtMoc Include="include\Features\StopDownloadServiceWhileExecuteAnyGame.h">
      <Filter>Header Files</Filter>
    </QtMoc>
    <QtMoc Include="include\Features\TaskBarEventFilter.h">
      <Filter>Header Files</Filter>
    </QtMoc>
    <QtMoc Include="include\Features\TaskBarProgressHelper.h">
      <Filter>Header Files</Filter>
    </QtMoc>
    <QtMoc Include="include\Host\Bridge\ApplicationBridge.h">
      <Filter>Header Files</Filter>
    </QtMoc>
    <QtMoc Include="include\Host\Bridge\ApplicationStatisticBridge.h">
      <Filter>Header Files</Filter>
    </QtMoc>
    <QtMoc Include="include\Host\Bridge\ConnectionBridge.h">
      <Filter>Header Files</Filter>
    </QtMoc>
    <QtMoc Include="include\Host\Bridge\DownloaderBridge.h">
      <Filter>Header Files</Filter>
    </QtMoc>
    <QtMoc Include="include\Host\Bridge\DownloaderSettingsBridge.h">
      <Filter>Header Files</Filter>
    </QtMoc>
    <QtMoc Include="include\Host\Bridge\ExecutorBridge.h">
      <Filter>Header Files</Filter>
    </QtMoc>
    <QtMoc Include="include\Host\Bridge\LicenseManagerBridge.h">
      <Filter>Header Files</Filter>
    </QtMoc>
    <QtMoc Include="include\Host\Bridge\MessageAdapterBridge.h">
      <Filter>Header Files</Filter>
    </QtMoc>
    <QtMoc Include="include\Host\Bridge\ServiceHandleBridge.h">
      <Filter>Header Files</Filter>
    </QtMoc>
    <QtMoc Include="include\Host\Bridge\ServiceSettingsBridge.h">
      <Filter>Header Files</Filter>
    </QtMoc>
    <QtMoc Include="include\Host\Bridge\SettingsBridge.h">
      <Filter>Header Files</Filter>
    </QtMoc>
    <QtMoc Include="include\Host\Bridge\UpdateManagerBridge.h">
      <Filter>Header Files</Filter>
    </QtMoc>
    <QtMoc Include="include\Host\Dbus\ApplicationBridgeAdaptor.h">
      <Filter>Header Files</Filter>
    </QtMoc>
    <QtMoc Include="include\Host\Dbus\ApplicationBridgeProxy.h">
      <Filter>Header Files</Filter>
    </QtMoc>
    <QtMoc Include="include\Host\Dbus\ApplicationStatisticBridgeAdaptor.h">
      <Filter>Header Files</Filter>
    </QtMoc>
    <QtMoc Include="include\Host\Dbus\ApplicationStatisticBridgeProxy.h">
      <Filter>Header Files</Filter>
    </QtMoc>
    <QtMoc Include="include\Host\Dbus\ConnectionBridgeAdaptor.h">
      <Filter>Header Files</Filter>
    </QtMoc>
    <QtMoc Include="include\Host\Dbus\ConnectionBridgeProxy.h">
      <Filter>Header Files</Filter>
    </QtMoc>
    <QtMoc Include="include\Host\Dbus\DbusConnection.h">
      <Filter>Header Files</Filter>
    </QtMoc>
    <QtMoc Include="include\Host\Dbus\DBusServer.h">
      <Filter>Header Files</Filter>
    </QtMoc>
    <QtMoc Include="include\Host\Dbus\DownloaderBridgeAdaptor.h">
      <Filter>Header Files</Filter>
    </QtMoc>
    <QtMoc Include="include\Host\Dbus\DownloaderBridgeProxy.h">
      <Filter>Header Files</Filter>
    </QtMoc>
    <QtMoc Include="include\Host\Dbus\DownloaderSettingsBridgeAdaptor.h">
      <Filter>Header Files</Filter>
    </QtMoc>
    <QtMoc Include="include\Host\Dbus\DownloaderSettingsBridgeProxy.h">
      <Filter>Header Files</Filter>
    </QtMoc>
    <QtMoc Include="include\Host\Dbus\ExecutorBridgeAdaptor.h">
      <Filter>Header Files</Filter>
    </QtMoc>
    <QtMoc Include="include\Host\Dbus\ExecutorBridgeProxy.h">
      <Filter>Header Files</Filter>
    </QtMoc>
    <QtMoc Include="include\Host\Dbus\LicenseManagerBridgeAdaptor.h">
      <Filter>Header Files</Filter>
    </QtMoc>
    <QtMoc Include="include\Host\Dbus\LicenseManagerBridgeProxy.h">
      <Filter>Header Files</Filter>
    </QtMoc>
    <QtMoc Include="include\Host\Dbus\MessageAdapterBridgeAdaptor.h">
      <Filter>Header Files</Filter>
    </QtMoc>
    <QtMoc Include="include\Host\Dbus\MessageAdapterBridgeProxy.h">
      <Filter>Header Files</Filter>
    </QtMoc>
    <QtMoc Include="include\Host\Dbus\ServiceHandleBridgeAdaptor.h">
      <Filter>Header Files</Filter>
    </QtMoc>
    <QtMoc Include="include\Host\Dbus\ServiceHandleBridgeProxy.h">
      <Filter>Header Files</Filter>
    </QtMoc>
    <QtMoc Include="include\Host\Dbus\ServiceSettingsBridgeAdaptor.h">
      <Filter>Header Files</Filter>
    </QtMoc>
    <QtMoc Include="include\Host\Dbus\ServiceSettingsBridgeProxy.h">
      <Filter>Header Files</Filter>
    </QtMoc>
    <QtMoc Include="include\Host\Dbus\SettingsBridgeAdaptor.h">
      <Filter>Header Files</Filter>
    </QtMoc>
    <QtMoc Include="include\Host\Dbus\SettingsBridgeProxy.h">
      <Filter>Header Files</Filter>
    </QtMoc>
    <QtMoc Include="include\Host\Dbus\UpdateManagerBridgeAdaptor.h">
      <Filter>Header Files</Filter>
    </QtMoc>
    <QtMoc Include="include\Host\Dbus\UpdateManagerBridgeProxy.h">
      <Filter>Header Files</Filter>
    </QtMoc>
    <QtMoc Include="include\Host\GameDownloader\Hook\CheckDownload.h">
      <Filter>Header Files</Filter>
    </QtMoc>
    <QtMoc Include="include\Host\GameDownloader\Hook\SaveInstallPath.h">
      <Filter>Header Files</Filter>
    </QtMoc>
    <QtMoc Include="include\Host\GameDownloader\Hook\UpdateUninstallInfo.h">
      <Filter>Header Files</Filter>
    </QtMoc>
    <QtMoc Include="include\Host\Installer\UninstallResult.h">
      <Filter>Header Files</Filter>
    </QtMoc>
    <QtMoc Include="include\Host\Proxy\DownloaderProxy.h">
      <Filter>Header Files</Filter>
    </QtMoc>
    <QtMoc Include="include\Host\Proxy\GameExecutorProxy.h">
      <Filter>Header Files</Filter>
    </QtMoc>
    <QtMoc Include="include\Host\Proxy\ServiceHandleProxy.h">
      <Filter>Header Files</Filter>
    </QtMoc>
    <QtMoc Include="include\Host\ServiceProcess\DownloadServiceIcon.h">
      <Filter>Header Files</Filter>
    </QtMoc>
    <QtMoc Include="include\Host\ServiceProcess\ServiceDescription.h">
      <Filter>Header Files</Filter>
    </QtMoc>
    <QtMoc Include="include\Host\ServiceProcess\ServiceLoader.h">
      <Filter>Header Files</Filter>
    </QtMoc>
    <QtMoc Include="include\Host\ServiceProcess\ServicesListRequest.h">
      <Filter>Header Files</Filter>
    </QtMoc>
    <QtMoc Include="include\Host\Application.h">
      <Filter>Header Files</Filter>
    </QtMoc>
    <QtMoc Include="include\Host\ApplicationRestarter.h">
      <Filter>Header Files</Filter>
    </QtMoc>
    <QtMoc Include="include\Host\ApplicationStatistic.h">
      <Filter>Header Files</Filter>
    </QtMoc>
    <QtMoc Include="include\Host\AutoRunManager.h">
      <Filter>Header Files</Filter>
    </QtMoc>
    <QtMoc Include="include\Host\ClientConnection.h">
      <Filter>Header Files</Filter>
    </QtMoc>
    <QtMoc Include="include\Host\CommandLineManager.h">
      <Filter>Header Files</Filter>
    </QtMoc>
    <QtMoc Include="include\Host\Connection.h">
      <Filter>Header Files</Filter>
    </QtMoc>
    <QtMoc Include="include\Host\ConnectionManager.h">
      <Filter>Header Files</Filter>
    </QtMoc>
    <QtMoc Include="include\Host\DownloaderSettings.h">
      <Filter>Header Files</Filter>
    </QtMoc>
    <QtMoc Include="include\Host\ElectronExecutor.h">
      <Filter>Header Files</Filter>
    </QtMoc>
    <QtMoc Include="include\Host\ElectronExecutor_p.h">
      <Filter>Header Files</Filter>
    </QtMoc>
    <QtMoc Include="include\Host\ElectronsExecutor.h">
      <Filter>Header Files</Filter>
    </QtMoc>
    <QtMoc Include="include\Host\ExecutorHookFactory.h">
      <Filter>Header Files</Filter>
    </QtMoc>
    <QtMoc Include="include\Host\GameExecutor.h">
      <Filter>Header Files</Filter>
    </QtMoc>
    <QtMoc Include="include\Host\HookFactory.h">
      <Filter>Header Files</Filter>
    </QtMoc>
    <QtMoc Include="include\Host\LicenseManager.h">
      <Filter>Header Files</Filter>
    </QtMoc>
    <QtMoc Include="include\Host\MessageAdapter.h">
      <Filter>Header Files</Filter>
    </QtMoc>
    <QtMoc Include="include\Host\ServiceHandle.h">
      <Filter>Header Files</Filter>
    </QtMoc>
    <QtMoc Include="include\Host\ServiceSettings.h">
      <Filter>Header Files</Filter>
    </QtMoc>
    <QtMoc Include="include\Host\ShutdownManager.h">
      <Filter>Header Files</Filter>
    </QtMoc>
    <QtMoc Include="include\Host\Translation.h">
      <Filter>Header Files</Filter>
    </QtMoc>
    <QtMoc Include="include\Host\UIProcess.h">
      <Filter>Header Files</Filter>
    </QtMoc>
    <QtMoc Include="include\Host\Updater.h">
      <Filter>Header Files</Filter>
    </QtMoc>
  </ItemGroup>
  <ItemGroup>
    <ClInclude Include="include\Features\Marketing\SystemInfo\SoftVendor\RegistryHelper.h">
      <Filter>Header Files</Filter>
    </ClInclude>
    <ClInclude Include="include\Features\Marketing\MarketingIntegrationMarker.h">
      <Filter>Header Files</Filter>
    </ClInclude>
    <ClInclude Include="include\Features\ComInitialize.h">
      <Filter>Header Files</Filter>
    </ClInclude>
    <ClInclude Include="include\Features\PlainFileCache.h">
      <Filter>Header Files</Filter>
    </ClInclude>
    <ClInclude Include="include\Features\WmiQuery.h">
      <Filter>Header Files</Filter>
    </ClInclude>
    <ClInclude Include="include\Helper\ApplicationArea.hpp">
      <Filter>Header Files</Filter>
    </ClInclude>
    <ClInclude Include="include\Helper\DebugLog.h">
      <Filter>Header Files</Filter>
    </ClInclude>
    <ClInclude Include="include\Helper\ElevateRights.hpp">
      <Filter>Header Files</Filter>
    </ClInclude>
    <ClInclude Include="include\Helper\FileUtils.h">
      <Filter>Header Files</Filter>
    </ClInclude>
    <ClInclude Include="include\Helper\Logger.hpp">
      <Filter>Header Files</Filter>
    </ClInclude>
    <ClInclude Include="include\Helper\RegisterTypes.h">
      <Filter>Header Files</Filter>
    </ClInclude>
    <ClInclude Include="include\Helper\SystemInfo.h">
      <Filter>Header Files</Filter>
    </ClInclude>
    <ClInclude Include="include\Helper\TerminateProcess.h">
      <Filter>Header Files</Filter>
    </ClInclude>
    <ClInclude Include="include\Helper\UserInfoMigration.hpp">
      <Filter>Header Files</Filter>
    </ClInclude>
    <ClInclude Include="include\Host\Bridge\Credential.h">
      <Filter>Header Files</Filter>
    </ClInclude>
    <ClInclude Include="include\Host\GameDownloader\DownloaderSettingsRoulette.h">
      <Filter>Header Files</Filter>
    </ClInclude>
    <ClInclude Include="include\Host\Installer\UninstallInfo.h">
      <Filter>Header Files</Filter>
    </ClInclude>
    <ClInclude Include="include\Host\CredentialConverter.h">
      <Filter>Header Files</Filter>
    </ClInclude>
    <ClInclude Include="include\Host\Factory.h">
      <Filter>Header Files</Filter>
    </ClInclude>
    <ClInclude Include="include\Host\MarketingStatistic.h">
      <Filter>Header Files</Filter>
    </ClInclude>
    <ClInclude Include="include\Host\SettingsManager.h">
      <Filter>Header Files</Filter>
    </ClInclude>
    <ClInclude Include="include\Host\StopDownloadOnExecuteInit.h">
      <Filter>Header Files</Filter>
    </ClInclude>
  </ItemGroup>
</Project>