<?xml version="1.0" encoding="utf-8"?>
<Project ToolsVersion="4.0" xmlns="http://schemas.microsoft.com/developer/msbuild/2003">
  <ItemGroup>
    <ClCompile Include="GeneratedFiles\Debug\moc_ExternalIpAddress.cpp" />
    <ClCompile Include="GeneratedFiles\Debug\moc_LanguageChangeEventFilter.cpp" />
    <ClCompile Include="GeneratedFiles\Debug\moc_PremiumExecutor.cpp" />
    <ClCompile Include="GeneratedFiles\Debug\moc_SilentMode.cpp" />
    <ClCompile Include="GeneratedFiles\Debug\moc_TaskBarEventFilter.cpp" />
    <ClCompile Include="GeneratedFiles\Debug\moc_taskbarprogresshelper.cpp" />
    <ClCompile Include="GeneratedFiles\Debug\moc_ThettaHashSender.cpp" />
    <ClCompile Include="GeneratedFiles\Debug\moc_ThettaInstaller.cpp" />
    <ClCompile Include="GeneratedFiles\Debug\moc_ThettaMonitor.cpp" />
    <ClCompile Include="GeneratedFiles\Debug\moc_ThettaMonitorApp.cpp" />
    <ClCompile Include="GeneratedFiles\Debug\moc_ThettaSender.cpp" />
    <ClCompile Include="GeneratedFiles\Release\moc_ExternalIpAddress.cpp" />
    <ClCompile Include="GeneratedFiles\Release\moc_LanguageChangeEventFilter.cpp" />
    <ClCompile Include="GeneratedFiles\Release\moc_PremiumExecutor.cpp" />
    <ClCompile Include="GeneratedFiles\Release\moc_SilentMode.cpp" />
    <ClCompile Include="GeneratedFiles\Release\moc_TaskBarEventFilter.cpp" />
    <ClCompile Include="GeneratedFiles\Release\moc_taskbarprogresshelper.cpp" />
    <ClCompile Include="GeneratedFiles\Release\moc_ThettaHashSender.cpp" />
    <ClCompile Include="GeneratedFiles\Release\moc_ThettaInstaller.cpp" />
    <ClCompile Include="GeneratedFiles\Release\moc_ThettaMonitor.cpp" />
    <ClCompile Include="GeneratedFiles\Release\moc_ThettaMonitorApp.cpp" />
    <ClCompile Include="GeneratedFiles\Release\moc_ThettaSender.cpp" />
    <ClCompile Include="src\Features\LanguageChangeEventFilter.cpp" />
    <ClCompile Include="src\Features\SilentMode.cpp" />
    <ClCompile Include="src\Features\TaskBarEventFilter.cpp" />
    <ClCompile Include="src\Features\Thetta\ForbiddenCertificateTester.cpp" />
    <ClCompile Include="src\Features\Thetta\Protector.cpp" />
    <ClCompile Include="src\Features\PremiumExecutor.cpp" />
    <ClCompile Include="src\Features\GameDownloader\ExternalIpAddress.cpp" />
    <ClCompile Include="GeneratedFiles\Debug\moc_CASettingsFix.cpp" />
    <ClCompile Include="GeneratedFiles\Debug\moc_DownloadStats.cpp" />
    <ClCompile Include="GeneratedFiles\Debug\moc_GameDownloadStatistics.cpp" />
    <ClCompile Include="GeneratedFiles\Debug\moc_RememberGameDownloading.cpp" />
    <ClCompile Include="GeneratedFiles\Debug\moc_RemouteStartGame.cpp" />
    <ClCompile Include="GeneratedFiles\Debug\moc_StopDownloadServiceWhileExecuteAnyGame.cpp" />
    <ClCompile Include="GeneratedFiles\Debug\moc_ThronInstaller.cpp" />
    <ClCompile Include="GeneratedFiles\Release\moc_CASettingsFix.cpp" />
    <ClCompile Include="GeneratedFiles\Release\moc_DownloadStats.cpp" />
    <ClCompile Include="GeneratedFiles\Release\moc_GameDownloadStatistics.cpp" />
    <ClCompile Include="GeneratedFiles\Release\moc_RememberGameDownloading.cpp" />
    <ClCompile Include="GeneratedFiles\Release\moc_RemouteStartGame.cpp" />
    <ClCompile Include="GeneratedFiles\Release\moc_StopDownloadServiceWhileExecuteAnyGame.cpp" />
    <ClCompile Include="GeneratedFiles\Release\moc_ThronInstaller.cpp" />
    <ClCompile Include="src\Features\CASettingsFix.cpp" />
    <ClCompile Include="src\Features\GameDownloader\DownloadStats.cpp" />
    <ClCompile Include="src\Features\GameDownloader\GameDownloadStatistics.cpp" />
    <ClCompile Include="src\Features\RememberGameDownloading.cpp" />
    <ClCompile Include="src\Features\RemouteStartGame.cpp" />
    <ClCompile Include="src\Features\StopDownloadServiceWhileExecuteAnyGame.cpp" />
    <ClCompile Include="src\Features\TaskBarProgressHelper.cpp" />
    <ClCompile Include="src\Features\Thetta\Json.cpp" />
    <ClCompile Include="src\Features\Thetta\ProtectorHooks.cpp" />
    <ClCompile Include="src\Features\Thetta\ThettaInstaller.cpp" />
    <ClCompile Include="src\Features\Thetta\ThettaMonitor.cpp" />
    <ClCompile Include="src\Features\Thetta\ThettaSender.cpp" />
    <ClCompile Include="src\Features\Thetta\TlsInitializer.cpp" />
    <ClCompile Include="src\Features\ThronInstaller.cpp" />
    <ClCompile Include="src\Features\Thetta\ThettaMonitorApp.cpp" />
    <ClCompile Include="src\Features\Thetta\ThettaHashSender.cpp" />
    <ClCompile Include="src\Features\Thetta\DistrIntegrity.cpp">
      <Filter>Generated Files</Filter>
    </ClCompile>
    <ClCompile Include="src\Features\Thetta\DistrIntegrityExecutorHook.cpp">
      <Filter>Generated Files</Filter>
    </ClCompile>
    <ClCompile Include="GeneratedFiles\Debug\moc_DistrIntegrity.cpp">
      <Filter>Generated Files\Debug</Filter>
    </ClCompile>
    <ClCompile Include="GeneratedFiles\Release\moc_DistrIntegrity.cpp">
      <Filter>Generated Files\Release</Filter>
    </ClCompile>
    <ClCompile Include="GeneratedFiles\Debug\moc_DistrIntegrityExecutorHook.cpp">
      <Filter>Generated Files\Debug</Filter>
    </ClCompile>
    <ClCompile Include="GeneratedFiles\Release\moc_DistrIntegrityExecutorHook.cpp">
      <Filter>Generated Files\Release</Filter>
    </ClCompile>
    <ClCompile Include="src\Features\Thetta\SaveUserInfo.cpp">
      <Filter>Generated Files</Filter>
    </ClCompile>
    <ClCompile Include="GeneratedFiles\Debug\moc_SaveUserInfo.cpp">
      <Filter>Generated Files\Debug</Filter>
    </ClCompile>
    <ClCompile Include="GeneratedFiles\Release\moc_SaveUserInfo.cpp">
      <Filter>Generated Files\Release</Filter>
    </ClCompile>
    <ClCompile Include="GeneratedFiles\Debug\moc_ApplicationBridge.cpp">
      <Filter>Generated Files\Debug</Filter>
    </ClCompile>
    <ClCompile Include="GeneratedFiles\Release\moc_ApplicationBridge.cpp">
      <Filter>Generated Files\Release</Filter>
    </ClCompile>
    <ClCompile Include="GeneratedFiles\Debug\moc_DownloaderBridge.cpp">
      <Filter>Generated Files\Debug</Filter>
    </ClCompile>
    <ClCompile Include="GeneratedFiles\Release\moc_DownloaderBridge.cpp">
      <Filter>Generated Files\Release</Filter>
    </ClCompile>
    <ClCompile Include="GeneratedFiles\Debug\moc_DownloaderSettingsBridge.cpp">
      <Filter>Generated Files\Debug</Filter>
    </ClCompile>
    <ClCompile Include="GeneratedFiles\Release\moc_DownloaderSettingsBridge.cpp">
      <Filter>Generated Files\Release</Filter>
    </ClCompile>
    <ClCompile Include="GeneratedFiles\Debug\moc_ExecutorBridge.cpp">
      <Filter>Generated Files\Debug</Filter>
    </ClCompile>
    <ClCompile Include="GeneratedFiles\Release\moc_ExecutorBridge.cpp">
      <Filter>Generated Files\Release</Filter>
    </ClCompile>
    <ClCompile Include="GeneratedFiles\Debug\moc_ServiceSettingsBridge.cpp">
      <Filter>Generated Files\Debug</Filter>
    </ClCompile>
    <ClCompile Include="GeneratedFiles\Release\moc_ServiceSettingsBridge.cpp">
      <Filter>Generated Files\Release</Filter>
    </ClCompile>
    <ClCompile Include="GeneratedFiles\Debug\moc_UpdateManagerBridge.cpp">
      <Filter>Generated Files\Debug</Filter>
    </ClCompile>
    <ClCompile Include="GeneratedFiles\Release\moc_UpdateManagerBridge.cpp">
      <Filter>Generated Files\Release</Filter>
    </ClCompile>
    <ClCompile Include="GeneratedFiles\Debug\moc_Application.cpp">
      <Filter>Generated Files\Debug</Filter>
    </ClCompile>
    <ClCompile Include="GeneratedFiles\Release\moc_Application.cpp">
      <Filter>Generated Files\Release</Filter>
    </ClCompile>
    <ClCompile Include="GeneratedFiles\Debug\moc_ApplicationRestarter.cpp">
      <Filter>Generated Files\Debug</Filter>
    </ClCompile>
    <ClCompile Include="GeneratedFiles\Release\moc_ApplicationRestarter.cpp">
      <Filter>Generated Files\Release</Filter>
    </ClCompile>
    <ClCompile Include="GeneratedFiles\Debug\moc_DownloaderSettings.cpp">
      <Filter>Generated Files\Debug</Filter>
    </ClCompile>
    <ClCompile Include="GeneratedFiles\Release\moc_DownloaderSettings.cpp">
      <Filter>Generated Files\Release</Filter>
    </ClCompile>
    <ClCompile Include="GeneratedFiles\Debug\moc_ExecutorHookFactory.cpp">
      <Filter>Generated Files\Debug</Filter>
    </ClCompile>
    <ClCompile Include="GeneratedFiles\Release\moc_ExecutorHookFactory.cpp">
      <Filter>Generated Files\Release</Filter>
    </ClCompile>
    <ClCompile Include="GeneratedFiles\Debug\moc_HookFactory.cpp">
      <Filter>Generated Files\Debug</Filter>
    </ClCompile>
    <ClCompile Include="GeneratedFiles\Release\moc_HookFactory.cpp">
      <Filter>Generated Files\Release</Filter>
    </ClCompile>
    <ClCompile Include="GeneratedFiles\Debug\moc_ServiceDescription.cpp">
      <Filter>Generated Files\Debug</Filter>
    </ClCompile>
    <ClCompile Include="GeneratedFiles\Release\moc_ServiceDescription.cpp">
      <Filter>Generated Files\Release</Filter>
    </ClCompile>
    <ClCompile Include="GeneratedFiles\Debug\moc_ServiceLoader.cpp">
      <Filter>Generated Files\Debug</Filter>
    </ClCompile>
    <ClCompile Include="GeneratedFiles\Release\moc_ServiceLoader.cpp">
      <Filter>Generated Files\Release</Filter>
    </ClCompile>
    <ClCompile Include="GeneratedFiles\Debug\moc_ServiceSettings.cpp">
      <Filter>Generated Files\Debug</Filter>
    </ClCompile>
    <ClCompile Include="GeneratedFiles\Release\moc_ServiceSettings.cpp">
      <Filter>Generated Files\Release</Filter>
    </ClCompile>
    <ClCompile Include="GeneratedFiles\Debug\moc_ShutdownManager.cpp">
      <Filter>Generated Files\Debug</Filter>
    </ClCompile>
    <ClCompile Include="GeneratedFiles\Release\moc_ShutdownManager.cpp">
      <Filter>Generated Files\Release</Filter>
    </ClCompile>
    <ClCompile Include="GeneratedFiles\Debug\moc_Thetta.cpp">
      <Filter>Generated Files\Debug</Filter>
    </ClCompile>
    <ClCompile Include="GeneratedFiles\Release\moc_Thetta.cpp">
      <Filter>Generated Files\Release</Filter>
    </ClCompile>
    <ClCompile Include="GeneratedFiles\Debug\moc_UIProcess.cpp">
      <Filter>Generated Files\Debug</Filter>
    </ClCompile>
    <ClCompile Include="GeneratedFiles\Release\moc_UIProcess.cpp">
      <Filter>Generated Files\Release</Filter>
    </ClCompile>
    <ClCompile Include="GeneratedFiles\Debug\moc_Updater.cpp">
      <Filter>Generated Files\Debug</Filter>
    </ClCompile>
    <ClCompile Include="GeneratedFiles\Release\moc_Updater.cpp">
      <Filter>Generated Files\Release</Filter>
    </ClCompile>
    <ClCompile Include="src\Host\Bridge\ApplicationBridge.cpp">
      <Filter>Generated Files</Filter>
    </ClCompile>
    <ClCompile Include="src\Host\Bridge\DownloaderBridge.cpp">
      <Filter>Generated Files</Filter>
    </ClCompile>
    <ClCompile Include="src\Host\Bridge\DownloaderSettingsBridge.cpp">
      <Filter>Generated Files</Filter>
    </ClCompile>
    <ClCompile Include="src\Host\Bridge\ExecutorBridge.cpp">
      <Filter>Generated Files</Filter>
    </ClCompile>
    <ClCompile Include="src\Host\Bridge\ServiceSettingsBridge.cpp">
      <Filter>Generated Files</Filter>
    </ClCompile>
    <ClCompile Include="src\Host\Bridge\UpdateManagerBridge.cpp">
      <Filter>Generated Files</Filter>
    </ClCompile>
    <ClCompile Include="src\Host\GameDownloader\Hook\SaveInstallPath.cpp">
      <Filter>Generated Files</Filter>
    </ClCompile>
    <ClCompile Include="src\Host\Application.cpp">
      <Filter>Generated Files</Filter>
    </ClCompile>
    <ClCompile Include="src\Host\ApplicationRestarter.cpp">
      <Filter>Generated Files</Filter>
    </ClCompile>
    <ClCompile Include="src\Host\DownloaderSettings.cpp">
      <Filter>Generated Files</Filter>
    </ClCompile>
    <ClCompile Include="src\Host\ExecutorHookFactory.cpp">
      <Filter>Generated Files</Filter>
    </ClCompile>
    <ClCompile Include="src\Host\HookFactory.cpp">
      <Filter>Generated Files</Filter>
    </ClCompile>
    <ClCompile Include="src\Host\ServiceDescription.cpp">
      <Filter>Generated Files</Filter>
    </ClCompile>
    <ClCompile Include="src\Host\ServiceLoader.cpp">
      <Filter>Generated Files</Filter>
    </ClCompile>
    <ClCompile Include="src\Host\ServiceSettings.cpp">
      <Filter>Generated Files</Filter>
    </ClCompile>
    <ClCompile Include="src\Host\ShutdownManager.cpp">
      <Filter>Generated Files</Filter>
    </ClCompile>
    <ClCompile Include="src\Host\StopDownloadOnExecuteInit.cpp">
      <Filter>Generated Files</Filter>
    </ClCompile>
    <ClCompile Include="src\Host\Thetta.cpp">
      <Filter>Generated Files</Filter>
    </ClCompile>
    <ClCompile Include="src\Host\UIProcess.cpp">
      <Filter>Generated Files</Filter>
    </ClCompile>
    <ClCompile Include="src\Host\Updater.cpp">
      <Filter>Generated Files</Filter>
    </ClCompile>
    <ClCompile Include="GeneratedFiles\Debug\moc_ApplicationBridgeAdaptor.cpp">
      <Filter>Generated Files\Debug</Filter>
    </ClCompile>
    <ClCompile Include="GeneratedFiles\Release\moc_ApplicationBridgeAdaptor.cpp">
      <Filter>Generated Files\Release</Filter>
    </ClCompile>
    <ClCompile Include="GeneratedFiles\Debug\moc_DownloaderBridgeAdaptor.cpp">
      <Filter>Generated Files\Debug</Filter>
    </ClCompile>
    <ClCompile Include="GeneratedFiles\Release\moc_DownloaderBridgeAdaptor.cpp">
      <Filter>Generated Files\Release</Filter>
    </ClCompile>
    <ClCompile Include="GeneratedFiles\Debug\moc_DownloaderBridgeProxy.cpp">
      <Filter>Generated Files\Debug</Filter>
    </ClCompile>
    <ClCompile Include="GeneratedFiles\Release\moc_DownloaderBridgeProxy.cpp">
      <Filter>Generated Files\Release</Filter>
    </ClCompile>
    <ClCompile Include="GeneratedFiles\Debug\moc_DownloaderSettingsBridgeAdaptor.cpp">
      <Filter>Generated Files\Debug</Filter>
    </ClCompile>
    <ClCompile Include="GeneratedFiles\Release\moc_DownloaderSettingsBridgeAdaptor.cpp">
      <Filter>Generated Files\Release</Filter>
    </ClCompile>
    <ClCompile Include="GeneratedFiles\Debug\moc_DownloaderSettingsBridgeProxy.cpp">
      <Filter>Generated Files\Debug</Filter>
    </ClCompile>
    <ClCompile Include="GeneratedFiles\Release\moc_DownloaderSettingsBridgeProxy.cpp">
      <Filter>Generated Files\Release</Filter>
    </ClCompile>
    <ClCompile Include="GeneratedFiles\Debug\moc_ExecutorBridgeAdaptor.cpp">
      <Filter>Generated Files\Debug</Filter>
    </ClCompile>
    <ClCompile Include="GeneratedFiles\Release\moc_ExecutorBridgeAdaptor.cpp">
      <Filter>Generated Files\Release</Filter>
    </ClCompile>
    <ClCompile Include="GeneratedFiles\Debug\moc_ExecutorBridgeProxy.cpp">
      <Filter>Generated Files\Debug</Filter>
    </ClCompile>
    <ClCompile Include="GeneratedFiles\Release\moc_ExecutorBridgeProxy.cpp">
      <Filter>Generated Files\Release</Filter>
    </ClCompile>
    <ClCompile Include="GeneratedFiles\Debug\moc_ServiceSettingsBridgeAdaptor.cpp">
      <Filter>Generated Files\Debug</Filter>
    </ClCompile>
    <ClCompile Include="GeneratedFiles\Release\moc_ServiceSettingsBridgeAdaptor.cpp">
      <Filter>Generated Files\Release</Filter>
    </ClCompile>
    <ClCompile Include="GeneratedFiles\Debug\moc_ServiceSettingsBridgeProxy.cpp">
      <Filter>Generated Files\Debug</Filter>
    </ClCompile>
    <ClCompile Include="GeneratedFiles\Release\moc_ServiceSettingsBridgeProxy.cpp">
      <Filter>Generated Files\Release</Filter>
    </ClCompile>
    <ClCompile Include="GeneratedFiles\Debug\moc_UpdateManagerBridgeAdaptor.cpp">
      <Filter>Generated Files\Debug</Filter>
    </ClCompile>
    <ClCompile Include="GeneratedFiles\Release\moc_UpdateManagerBridgeAdaptor.cpp">
      <Filter>Generated Files\Release</Filter>
    </ClCompile>
    <ClCompile Include="GeneratedFiles\Debug\moc_UpdateManagerBridgeProxy.cpp">
      <Filter>Generated Files\Debug</Filter>
    </ClCompile>
    <ClCompile Include="GeneratedFiles\Release\moc_UpdateManagerBridgeProxy.cpp">
      <Filter>Generated Files\Release</Filter>
    </ClCompile>
    <ClCompile Include="src\Host\Dbus\ApplicationBridgeAdaptor.cpp">
      <Filter>Generated Files</Filter>
    </ClCompile>
    <ClCompile Include="src\Host\Dbus\DownloaderBridgeAdaptor.cpp">
      <Filter>Generated Files</Filter>
    </ClCompile>
    <ClCompile Include="src\Host\Dbus\DownloaderBridgeProxy.cpp">
      <Filter>Generated Files</Filter>
    </ClCompile>
    <ClCompile Include="src\Host\Dbus\DownloaderSettingsBridgeAdaptor.cpp">
      <Filter>Generated Files</Filter>
    </ClCompile>
    <ClCompile Include="src\Host\Dbus\DownloaderSettingsBridgeProxy.cpp">
      <Filter>Generated Files</Filter>
    </ClCompile>
    <ClCompile Include="src\Host\Dbus\ExecutorBridgeAdaptor.cpp">
      <Filter>Generated Files</Filter>
    </ClCompile>
    <ClCompile Include="src\Host\Dbus\ExecutorBridgeProxy.cpp">
      <Filter>Generated Files</Filter>
    </ClCompile>
    <ClCompile Include="src\Host\Dbus\ServiceSettingsBridgeAdaptor.cpp">
      <Filter>Generated Files</Filter>
    </ClCompile>
    <ClCompile Include="src\Host\Dbus\ServiceSettingsBridgeProxy.cpp">
      <Filter>Generated Files</Filter>
    </ClCompile>
    <ClCompile Include="src\Host\Dbus\UpdateManagerBridgeAdaptor.cpp">
      <Filter>Generated Files</Filter>
    </ClCompile>
    <ClCompile Include="src\Host\Dbus\UpdateManagerBridgeProxy.cpp">
      <Filter>Generated Files</Filter>
    </ClCompile>
    <ClCompile Include="GeneratedFiles\Debug\moc_ApplicationBridgeProxy.cpp">
      <Filter>Generated Files\Debug</Filter>
    </ClCompile>
    <ClCompile Include="GeneratedFiles\Release\moc_ApplicationBridgeProxy.cpp">
      <Filter>Generated Files\Release</Filter>
    </ClCompile>
    <ClCompile Include="src\Host\Dbus\ApplicationBridgeProxy.cpp">
      <Filter>Generated Files</Filter>
    </ClCompile>
    <ClCompile Include="GeneratedFiles\Debug\moc_DbusConnection.cpp">
      <Filter>Generated Files\Debug</Filter>
    </ClCompile>
    <ClCompile Include="GeneratedFiles\Release\moc_DbusConnection.cpp">
      <Filter>Generated Files\Release</Filter>
    </ClCompile>
    <ClCompile Include="src\Host\Dbus\DbusConnection.cpp">
      <Filter>Source Files</Filter>
    </ClCompile>
    <ClCompile Include="GeneratedFiles\Debug\moc_DBusServer.cpp">
      <Filter>Generated Files\Debug</Filter>
    </ClCompile>
    <ClCompile Include="GeneratedFiles\Release\moc_DBusServer.cpp">
      <Filter>Generated Files\Release</Filter>
    </ClCompile>
    <ClCompile Include="src\Host\Dbus\DBusServer.cpp">
      <Filter>Source Files</Filter>
    </ClCompile>
    <ClCompile Include="src\Host\ApplicationStatistic.cpp">
      <Filter>Generated Files</Filter>
    </ClCompile>
    <ClCompile Include="GeneratedFiles\Debug\moc_ApplicationStatistic.cpp">
      <Filter>Generated Files\Debug</Filter>
    </ClCompile>
    <ClCompile Include="GeneratedFiles\Release\moc_ApplicationStatistic.cpp">
      <Filter>Generated Files\Release</Filter>
    </ClCompile>
    <ClCompile Include="src\Host\Bridge\ApplicationStatisticBridge.cpp">
      <Filter>Generated Files</Filter>
    </ClCompile>
    <ClCompile Include="GeneratedFiles\Debug\moc_ApplicationStatisticBridge.cpp">
      <Filter>Generated Files\Debug</Filter>
    </ClCompile>
    <ClCompile Include="GeneratedFiles\Release\moc_ApplicationStatisticBridge.cpp">
      <Filter>Generated Files\Release</Filter>
    </ClCompile>
    <ClCompile Include="GeneratedFiles\Debug\moc_ApplicationStatisticBridgeAdaptor.cpp">
      <Filter>Generated Files\Debug</Filter>
    </ClCompile>
    <ClCompile Include="GeneratedFiles\Release\moc_ApplicationStatisticBridgeAdaptor.cpp">
      <Filter>Generated Files\Release</Filter>
    </ClCompile>
    <ClCompile Include="GeneratedFiles\Debug\moc_ApplicationStatisticBridgeProxy.cpp">
      <Filter>Generated Files\Debug</Filter>
    </ClCompile>
    <ClCompile Include="GeneratedFiles\Release\moc_ApplicationStatisticBridgeProxy.cpp">
      <Filter>Generated Files\Release</Filter>
    </ClCompile>
    <ClCompile Include="src\Host\Dbus\ApplicationStatisticBridgeAdaptor.cpp">
      <Filter>Generated Files</Filter>
    </ClCompile>
    <ClCompile Include="src\Host\Dbus\ApplicationStatisticBridgeProxy.cpp">
      <Filter>Generated Files</Filter>
    </ClCompile>
    <ClCompile Include="src\Host\MarketingStatistic.cpp">
      <Filter>Generated Files</Filter>
    </ClCompile>
    <ClCompile Include="src\Host\Proxy\GameExecutorProxy.cpp">
      <Filter>Generated Files</Filter>
    </ClCompile>
    <ClCompile Include="GeneratedFiles\Debug\moc_GameExecutorProxy.cpp">
      <Filter>Generated Files\Debug</Filter>
    </ClCompile>
    <ClCompile Include="GeneratedFiles\Release\moc_GameExecutorProxy.cpp">
      <Filter>Generated Files\Release</Filter>
    </ClCompile>
    <ClCompile Include="GeneratedFiles\Debug\moc_GameExecutor.cpp">
      <Filter>Generated Files\Debug</Filter>
    </ClCompile>
    <ClCompile Include="GeneratedFiles\Release\moc_GameExecutor.cpp">
      <Filter>Generated Files\Release</Filter>
    </ClCompile>
    <ClCompile Include="src\Host\GameExecutor.cpp">
      <Filter>Generated Files</Filter>
    </ClCompile>
    <ClCompile Include="src\Host\Proxy\DownloaderProxy.cpp">
      <Filter>Generated Files</Filter>
    </ClCompile>
    <ClCompile Include="GeneratedFiles\Debug\moc_DownloaderProxy.cpp">
      <Filter>Generated Files\Debug</Filter>
    </ClCompile>
    <ClCompile Include="GeneratedFiles\Release\moc_DownloaderProxy.cpp">
      <Filter>Generated Files\Release</Filter>
    </ClCompile>
    <ClCompile Include="src\Host\Bridge\Credential.cpp">
      <Filter>Generated Files</Filter>
    </ClCompile>
    <ClCompile Include="src\Host\CredentialConverter.cpp">
      <Filter>Generated Files</Filter>
    </ClCompile>
    <ClCompile Include="src\Host\CommandLineManager.cpp">
      <Filter>Generated Files</Filter>
    </ClCompile>
    <ClCompile Include="GeneratedFiles\Debug\moc_CommandLineManager.cpp">
      <Filter>Generated Files\Debug</Filter>
    </ClCompile>
    <ClCompile Include="GeneratedFiles\Release\moc_CommandLineManager.cpp">
      <Filter>Generated Files\Release</Filter>
    </ClCompile>
    <ClCompile Include="src\Host\MessageAdapter.cpp">
      <Filter>Generated Files</Filter>
    </ClCompile>
    <ClCompile Include="GeneratedFiles\Debug\moc_MessageAdapter.cpp">
      <Filter>Generated Files\Debug</Filter>
    </ClCompile>
    <ClCompile Include="GeneratedFiles\Release\moc_MessageAdapter.cpp">
      <Filter>Generated Files\Release</Filter>
    </ClCompile>
    <ClCompile Include="src\Host\Bridge\MessageAdapterBridge.cpp">
      <Filter>Generated Files</Filter>
    </ClCompile>
    <ClCompile Include="GeneratedFiles\Debug\moc_MessageAdapterBridge.cpp">
      <Filter>Generated Files\Debug</Filter>
    </ClCompile>
    <ClCompile Include="GeneratedFiles\Release\moc_MessageAdapterBridge.cpp">
      <Filter>Generated Files\Release</Filter>
    </ClCompile>
    <ClCompile Include="GeneratedFiles\Debug\moc_MessageAdapterBridgeAdaptor.cpp">
      <Filter>Generated Files\Debug</Filter>
    </ClCompile>
    <ClCompile Include="GeneratedFiles\Release\moc_MessageAdapterBridgeAdaptor.cpp">
      <Filter>Generated Files\Release</Filter>
    </ClCompile>
    <ClCompile Include="GeneratedFiles\Debug\moc_MessageAdapterBridgeProxy.cpp">
      <Filter>Generated Files\Debug</Filter>
    </ClCompile>
    <ClCompile Include="GeneratedFiles\Release\moc_MessageAdapterBridgeProxy.cpp">
      <Filter>Generated Files\Release</Filter>
    </ClCompile>
    <ClCompile Include="src\Host\Dbus\MessageAdapterBridgeAdaptor.cpp">
      <Filter>Generated Files</Filter>
    </ClCompile>
    <ClCompile Include="src\Host\Dbus\MessageAdapterBridgeProxy.cpp">
      <Filter>Generated Files</Filter>
    </ClCompile>
    <ClCompile Include="src\Host\Translation.cpp">
      <Filter>Generated Files</Filter>
    </ClCompile>
    <ClCompile Include="GeneratedFiles\Debug\moc_Translation.cpp">
      <Filter>Generated Files\Debug</Filter>
    </ClCompile>
    <ClCompile Include="GeneratedFiles\Release\moc_Translation.cpp">
      <Filter>Generated Files\Release</Filter>
    </ClCompile>
    <ClCompile Include="src\Host\Connection.cpp">
      <Filter>Generated Files</Filter>
    </ClCompile>
    <ClCompile Include="GeneratedFiles\Debug\moc_Connection.cpp">
      <Filter>Generated Files\Debug</Filter>
    </ClCompile>
    <ClCompile Include="GeneratedFiles\Release\moc_Connection.cpp">
      <Filter>Generated Files\Release</Filter>
    </ClCompile>
    <ClCompile Include="src\Host\ConnectionManager.cpp">
      <Filter>Generated Files</Filter>
    </ClCompile>
    <ClCompile Include="GeneratedFiles\Debug\moc_ConnectionManager.cpp">
      <Filter>Generated Files\Debug</Filter>
    </ClCompile>
    <ClCompile Include="GeneratedFiles\Release\moc_ConnectionManager.cpp">
      <Filter>Generated Files\Release</Filter>
    </ClCompile>
    <ClCompile Include="src\Host\Bridge\ConnectionBridge.cpp">
      <Filter>Generated Files</Filter>
    </ClCompile>
    <ClCompile Include="GeneratedFiles\Debug\moc_ConnectionBridge.cpp">
      <Filter>Generated Files\Debug</Filter>
    </ClCompile>
    <ClCompile Include="GeneratedFiles\Release\moc_ConnectionBridge.cpp">
      <Filter>Generated Files\Release</Filter>
    </ClCompile>
    <ClCompile Include="GeneratedFiles\Debug\moc_ConnectionBridgeAdaptor.cpp">
      <Filter>Generated Files\Debug</Filter>
    </ClCompile>
    <ClCompile Include="GeneratedFiles\Release\moc_ConnectionBridgeAdaptor.cpp">
      <Filter>Generated Files\Release</Filter>
    </ClCompile>
    <ClCompile Include="GeneratedFiles\Debug\moc_ConnectionBridgeProxy.cpp">
      <Filter>Generated Files\Debug</Filter>
    </ClCompile>
    <ClCompile Include="GeneratedFiles\Release\moc_ConnectionBridgeProxy.cpp">
      <Filter>Generated Files\Release</Filter>
    </ClCompile>
    <ClCompile Include="src\Host\Dbus\ConnectionBridgeAdaptor.cpp">
      <Filter>Generated Files</Filter>
    </ClCompile>
    <ClCompile Include="src\Host\Dbus\ConnectionBridgeProxy.cpp">
      <Filter>Generated Files</Filter>
    </ClCompile>
    <ClCompile Include="src\Host\ServiceHandle.cpp">
      <Filter>Generated Files</Filter>
    </ClCompile>
    <ClCompile Include="GeneratedFiles\Debug\moc_ServiceHandle.cpp">
      <Filter>Generated Files\Debug</Filter>
    </ClCompile>
    <ClCompile Include="GeneratedFiles\Release\moc_ServiceHandle.cpp">
      <Filter>Generated Files\Release</Filter>
    </ClCompile>
    <ClCompile Include="src\Host\Bridge\ServiceHandleBridge.cpp">
      <Filter>Generated Files</Filter>
    </ClCompile>
    <ClCompile Include="GeneratedFiles\Debug\moc_ServiceHandleBridge.cpp">
      <Filter>Generated Files\Debug</Filter>
    </ClCompile>
    <ClCompile Include="GeneratedFiles\Release\moc_ServiceHandleBridge.cpp">
      <Filter>Generated Files\Release</Filter>
    </ClCompile>
    <ClCompile Include="GeneratedFiles\Debug\moc_ServiceHandleProxy.cpp">
      <Filter>Generated Files\Debug</Filter>
    </ClCompile>
    <ClCompile Include="GeneratedFiles\Release\moc_ServiceHandleProxy.cpp">
      <Filter>Generated Files\Release</Filter>
    </ClCompile>
    <ClCompile Include="src\Host\Proxy\ServiceHandleProxy.cpp">
      <Filter>Generated Files</Filter>
    </ClCompile>
    <ClCompile Include="GeneratedFiles\Debug\moc_ServiceHandleBridgeAdaptor.cpp">
      <Filter>Generated Files\Debug</Filter>
    </ClCompile>
    <ClCompile Include="GeneratedFiles\Release\moc_ServiceHandleBridgeAdaptor.cpp">
      <Filter>Generated Files\Release</Filter>
    </ClCompile>
    <ClCompile Include="GeneratedFiles\Debug\moc_ServiceHandleBridgeProxy.cpp">
      <Filter>Generated Files\Debug</Filter>
    </ClCompile>
    <ClCompile Include="GeneratedFiles\Release\moc_ServiceHandleBridgeProxy.cpp">
      <Filter>Generated Files\Release</Filter>
    </ClCompile>
    <ClCompile Include="src\Host\Dbus\ServiceHandleBridgeAdaptor.cpp">
      <Filter>Generated Files</Filter>
    </ClCompile>
    <ClCompile Include="src\Host\Dbus\ServiceHandleBridgeProxy.cpp">
      <Filter>Generated Files</Filter>
    </ClCompile>
    <ClCompile Include="src\Host\ClientConnection.cpp">
      <Filter>Generated Files</Filter>
    </ClCompile>
    <ClCompile Include="GeneratedFiles\Debug\moc_ClientConnection.cpp">
      <Filter>Generated Files\Debug</Filter>
    </ClCompile>
    <ClCompile Include="GeneratedFiles\Release\moc_ClientConnection.cpp">
      <Filter>Generated Files\Release</Filter>
    </ClCompile>
  </ItemGroup>
  <ItemGroup>
    <ClInclude Include="include\Features\Thetta\ForbiddenCertificateTester.h" />
    <ClInclude Include="include\Features\Thetta\ProtectorHooks.h" />
    <ClInclude Include="include\Features\Thetta\TlsInitializer.h" />
    <ClInclude Include="include\Features\Thetta\Json.h" />
    <ClInclude Include="include\Features\Thetta\Protector.h" />
    <ClInclude Include="include\Helper\DebugLog.h">
      <Filter>Header Files</Filter>
    </ClInclude>
    <ClInclude Include="include\Host\GameDownloader\Hook\SaveInstallPath.h">
      <Filter>Header Files</Filter>
    </ClInclude>
    <ClInclude Include="include\Host\Factory.h">
      <Filter>Header Files</Filter>
    </ClInclude>
    <ClInclude Include="include\Host\StopDownloadOnExecuteInit.h">
      <Filter>Header Files</Filter>
    </ClInclude>
    <ClInclude Include="include\Helper\ElevateRights.hpp" />
    <ClInclude Include="include\Helper\Logger.hpp" />
    <ClInclude Include="include\Host\MarketingStatistic.h">
      <Filter>Header Files</Filter>
    </ClInclude>
    <ClInclude Include="include\Host\Bridge\Credential.h">
      <Filter>Header Files</Filter>
    </ClInclude>
    <ClInclude Include="include\Host\CredentialConverter.h">
      <Filter>Header Files</Filter>
    </ClInclude>
  </ItemGroup>
  <ItemGroup>
    <CustomBuild Include="include\Features\RemouteStartGame.h" />
    <CustomBuild Include="include\Features\RememberGameDownloading.h" />
    <CustomBuild Include="include\Features\StopDownloadServiceWhileExecuteAnyGame.h" />
    <CustomBuild Include="include\Features\CASettingsFix.h" />
    <CustomBuild Include="include\Features\ThronInstaller.h" />
    <CustomBuild Include="include\Features\GameDownloader\DownloadStats.h" />
    <CustomBuild Include="include\Features\GameDownloader\GameDownloadStatistics.h" />
    <CustomBuild Include="include\Features\GameDownloader\ExternalIpAddress.h" />
    <CustomBuild Include="include\Features\Thetta\ThettaMonitor.h" />
    <CustomBuild Include="include\Features\TaskBarEventFilter.h" />
    <CustomBuild Include="include\Features\LanguageChangeEventFilter.h" />
    <CustomBuild Include="include\Features\SilentMode.h" />
    <CustomBuild Include="include\Features\Thetta\ThettaHashSender.h" />
    <CustomBuild Include="include\Features\Thetta\ThettaMonitorApp.h" />
    <CustomBuild Include="include\Features\Thetta\ThettaSender.h" />
    <CustomBuild Include="include\features\taskbarprogresshelper.h" />
    <CustomBuild Include="include\Features\PremiumExecutor.h" />
    <CustomBuild Include="include\Features\Thetta\ThettaInstaller.h" />
    <CustomBuild Include="include\features\thetta\DistrIntegrity.h">
      <Filter>Header Files</Filter>
    </CustomBuild>
    <CustomBuild Include="include\features\thetta\DistrIntegrityExecutorHook.h">
      <Filter>Header Files</Filter>
    </CustomBuild>
    <CustomBuild Include="include\Features\Thetta\SaveUserInfo.h">
      <Filter>Header Files</Filter>
    </CustomBuild>
    <CustomBuild Include="include\Host\Bridge\ApplicationBridge.h">
      <Filter>Header Files</Filter>
    </CustomBuild>
    <CustomBuild Include="include\Host\Bridge\DownloaderBridge.h">
      <Filter>Header Files</Filter>
    </CustomBuild>
    <CustomBuild Include="include\Host\Bridge\DownloaderSettingsBridge.h">
      <Filter>Header Files</Filter>
    </CustomBuild>
    <CustomBuild Include="include\Host\Bridge\ExecutorBridge.h">
      <Filter>Header Files</Filter>
    </CustomBuild>
    <CustomBuild Include="include\Host\Bridge\ServiceSettingsBridge.h">
      <Filter>Header Files</Filter>
    </CustomBuild>
    <CustomBuild Include="include\Host\Bridge\UpdateManagerBridge.h">
      <Filter>Header Files</Filter>
    </CustomBuild>
    <CustomBuild Include="include\Host\Application.h">
      <Filter>Header Files</Filter>
    </CustomBuild>
    <CustomBuild Include="include\Host\ApplicationRestarter.h">
      <Filter>Header Files</Filter>
    </CustomBuild>
    <CustomBuild Include="include\Host\DownloaderSettings.h">
      <Filter>Header Files</Filter>
    </CustomBuild>
    <CustomBuild Include="include\Host\ExecutorHookFactory.h">
      <Filter>Header Files</Filter>
    </CustomBuild>
    <CustomBuild Include="include\Host\HookFactory.h">
      <Filter>Header Files</Filter>
    </CustomBuild>
    <CustomBuild Include="include\Host\ServiceDescription.h">
      <Filter>Header Files</Filter>
    </CustomBuild>
    <CustomBuild Include="include\Host\ServiceLoader.h">
      <Filter>Header Files</Filter>
    </CustomBuild>
    <CustomBuild Include="include\Host\ServiceSettings.h">
      <Filter>Header Files</Filter>
    </CustomBuild>
    <CustomBuild Include="include\Host\ShutdownManager.h">
      <Filter>Header Files</Filter>
    </CustomBuild>
    <CustomBuild Include="include\Host\Thetta.h">
      <Filter>Header Files</Filter>
    </CustomBuild>
    <CustomBuild Include="include\Host\UIProcess.h">
      <Filter>Header Files</Filter>
    </CustomBuild>
    <CustomBuild Include="include\Host\Updater.h">
      <Filter>Header Files</Filter>
    </CustomBuild>
    <CustomBuild Include="include\Host\Dbus\ApplicationBridgeAdaptor.h">
      <Filter>Header Files</Filter>
    </CustomBuild>
    <CustomBuild Include="include\Host\Dbus\DownloaderBridgeAdaptor.h">
      <Filter>Header Files</Filter>
    </CustomBuild>
    <CustomBuild Include="include\Host\Dbus\DownloaderBridgeProxy.h">
      <Filter>Header Files</Filter>
    </CustomBuild>
    <CustomBuild Include="include\Host\Dbus\DownloaderSettingsBridgeAdaptor.h">
      <Filter>Header Files</Filter>
    </CustomBuild>
    <CustomBuild Include="include\Host\Dbus\DownloaderSettingsBridgeProxy.h">
      <Filter>Header Files</Filter>
    </CustomBuild>
    <CustomBuild Include="include\Host\Dbus\ExecutorBridgeAdaptor.h">
      <Filter>Header Files</Filter>
    </CustomBuild>
    <CustomBuild Include="include\Host\Dbus\ExecutorBridgeProxy.h">
      <Filter>Header Files</Filter>
    </CustomBuild>
    <CustomBuild Include="include\Host\Dbus\ServiceSettingsBridgeAdaptor.h">
      <Filter>Header Files</Filter>
    </CustomBuild>
    <CustomBuild Include="include\Host\Dbus\ServiceSettingsBridgeProxy.h">
      <Filter>Header Files</Filter>
    </CustomBuild>
    <CustomBuild Include="include\Host\Dbus\UpdateManagerBridgeAdaptor.h">
      <Filter>Header Files</Filter>
    </CustomBuild>
    <CustomBuild Include="include\Host\Dbus\UpdateManagerBridgeProxy.h">
      <Filter>Header Files</Filter>
    </CustomBuild>
    <CustomBuild Include="include\Host\Dbus\ApplicationBridgeProxy.h">
      <Filter>Header Files</Filter>
    </CustomBuild>
    <CustomBuild Include="include\Host\Dbus\DbusConnection.h">
      <Filter>Header Files</Filter>
    </CustomBuild>
    <CustomBuild Include="include\Host\Dbus\DBusServer.h">
      <Filter>Header Files</Filter>
    </CustomBuild>
    <CustomBuild Include="include\Host\ApplicationStatistic.h">
      <Filter>Header Files</Filter>
    </CustomBuild>
    <CustomBuild Include="include\Host\Bridge\ApplicationStatisticBridge.h">
      <Filter>Header Files</Filter>
    </CustomBuild>
    <CustomBuild Include="include\Host\Dbus\ApplicationStatisticBridgeAdaptor.h">
      <Filter>Header Files</Filter>
    </CustomBuild>
    <CustomBuild Include="include\Host\Dbus\ApplicationStatisticBridgeProxy.h">
      <Filter>Header Files</Filter>
    </CustomBuild>
    <CustomBuild Include="include\Host\Proxy\GameExecutorProxy.h">
      <Filter>Header Files</Filter>
    </CustomBuild>
    <CustomBuild Include="include\Host\GameExecutor.h">
      <Filter>Header Files</Filter>
    </CustomBuild>
    <CustomBuild Include="include\Host\Proxy\DownloaderProxy.h">
      <Filter>Header Files</Filter>
    </CustomBuild>
    <CustomBuild Include="include\Host\CommandLineManager.h">
      <Filter>Header Files</Filter>
    </CustomBuild>
    <CustomBuild Include="include\Host\MessageAdapter.h">
      <Filter>Header Files</Filter>
    </CustomBuild>
    <CustomBuild Include="include\Host\Bridge\MessageAdapterBridge.h">
      <Filter>Header Files</Filter>
    </CustomBuild>
    <CustomBuild Include="include\Host\Dbus\MessageAdapterBridgeAdaptor.h">
      <Filter>Header Files</Filter>
    </CustomBuild>
    <CustomBuild Include="include\Host\Dbus\MessageAdapterBridgeProxy.h">
      <Filter>Header Files</Filter>
    </CustomBuild>
    <CustomBuild Include="include\Host\Translation.h">
      <Filter>Header Files</Filter>
    </CustomBuild>
    <CustomBuild Include="include\Host\Connection.h">
      <Filter>Header Files</Filter>
    </CustomBuild>
    <CustomBuild Include="include\Host\ConnectionManager.h">
      <Filter>Header Files</Filter>
    </CustomBuild>
    <CustomBuild Include="include\Host\Bridge\ConnectionBridge.h">
      <Filter>Header Files</Filter>
    </CustomBuild>
    <CustomBuild Include="include\Host\Dbus\ConnectionBridgeAdaptor.h">
      <Filter>Header Files</Filter>
    </CustomBuild>
    <CustomBuild Include="include\Host\Dbus\ConnectionBridgeProxy.h">
      <Filter>Header Files</Filter>
    </CustomBuild>
    <CustomBuild Include="include\Host\ServiceHandle.h">
      <Filter>Header Files</Filter>
    </CustomBuild>
    <CustomBuild Include="include\Host\Bridge\ServiceHandleBridge.h">
      <Filter>Header Files</Filter>
    </CustomBuild>
    <CustomBuild Include="include\Host\Proxy\ServiceHandleProxy.h">
      <Filter>Header Files</Filter>
    </CustomBuild>
    <CustomBuild Include="include\Host\Dbus\ServiceHandleBridgeAdaptor.h">
      <Filter>Header Files</Filter>
    </CustomBuild>
    <CustomBuild Include="include\Host\Dbus\ServiceHandleBridgeProxy.h">
      <Filter>Header Files</Filter>
    </CustomBuild>
    <CustomBuild Include="include\Host\ClientConnection.h">
      <Filter>Header Files</Filter>
    </CustomBuild>
  </ItemGroup>
  <ItemGroup>
    <Filter Include="Header Files">
      <UniqueIdentifier>{93995380-89BD-4b04-88EB-625FBE52EBFB}</UniqueIdentifier>
      <Extensions>h</Extensions>
      <ParseFiles>true</ParseFiles>
    </Filter>
    <Filter Include="Generated Files">
      <UniqueIdentifier>{71ED8ED8-ACB9-4CE9-BBE1-E00B30144E11}</UniqueIdentifier>
      <Extensions>moc;h;cpp</Extensions>
      <ParseFiles>true</ParseFiles>
    </Filter>
    <Filter Include="Generated Files\Debug">
      <UniqueIdentifier>{e52ffd06-2faf-4661-89a6-b99e57c1b1df}</UniqueIdentifier>
      <Extensions>cpp;moc</Extensions>
      <SourceControlFiles>False</SourceControlFiles>
    </Filter>
    <Filter Include="Generated Files\Release">
      <UniqueIdentifier>{d35226f7-7d15-4bb6-83e1-ad5234f091f0}</UniqueIdentifier>
      <Extensions>cpp;moc</Extensions>
      <SourceControlFiles>False</SourceControlFiles>
    </Filter>
    <Filter Include="Source Files">
      <UniqueIdentifier>{4FC737F1-C7A5-4376-A066-2A32D752A2FF}</UniqueIdentifier>
      <Extensions>cpp;cxx;c;def</Extensions>
      <ParseFiles>true</ParseFiles>
    </Filter>
  </ItemGroup>
</Project>